
Microsoft Visual Studio Solution File, Format Version 12.00
# Visual Studio Version 16
VisualStudioVersion = 16.0.31424.327
MinimumVisualStudioVersion = 10.0.40219.1
Project("{FAE04EC0-301F-11D3-BF4B-00C04F79EFBC}") = "DCUAppCalculadora", "DCUAppCalculadora.csproj", "{DC6ABFF9-05AB-4F45-803F-145EFAC8E884}"
EndProject
Global
	GlobalSection(SolutionConfigurationPlatforms) = preSolution
		Debug|Any CPU = Debug|Any CPU
		Release|Any CPU = Release|Any CPU
	EndGlobalSection
	GlobalSection(ProjectConfigurationPlatforms) = postSolution
		{DC6ABFF9-05AB-4F45-803F-145EFAC8E884}.Debug|Any CPU.ActiveCfg = Debug|Any CPU
		{DC6ABFF9-05AB-4F45-803F-145EFAC8E884}.Debug|Any CPU.Build.0 = Debug|Any CPU
		{DC6ABFF9-05AB-4F45-803F-145EFAC8E884}.Release|Any CPU.ActiveCfg = Release|Any CPU
		{DC6ABFF9-05AB-4F45-803F-145EFAC8E884}.Release|Any CPU.Build.0 = Release|Any CPU
	EndGlobalSection
	GlobalSection(SolutionProperties) = preSolution
		HideSolutionNode = FALSE
	EndGlobalSection
	GlobalSection(ExtensibilityGlobals) = postSolution
		SolutionGuid = {B7812BFC-8E58-4600-90C3-4433F9AC2BEC}
	EndGlobalSection
EndGlobal
